PATH
  remote: .
  specs:
    rack-smusher (0.0.1)
      rack
      smusher

GEM
  remote: http://rubygems.org/
  specs:
    httpclient (2.1.6)
    json (2.3.1)
    rack (2.0.8)
    rack (2.2.3)
    rake (13.0.1)
    smusher (0.4.6)
      httpclient
      json
      rake

PLATFORMS
  ruby

DEPENDENCIES
  rack
  rack-smusher!
  smusher
